
Microsoft Visual Studio Solution File, Format Version 12.00
# Visual Studio Version 16
VisualStudioVersion = 16.0.29609.76
MinimumVisualStudioVersion = 10.0.40219.1
Project("{FAE04EC0-301F-11D3-BF4B-00C04F79EFBC}") = "testing", "testing\testing.csproj", "{88AF0387-1E78-4B86-98CF-D93F3BF34F38}"
EndProject
Global
	GlobalSection(SolutionConfigurationPlatforms) = preSolution
		Debug|Any CPU = Debug|Any CPU
		Release|Any CPU = Release|Any CPU
	EndGlobalSection
	GlobalSection(ProjectConfigurationPlatforms) = postSolution
		{88AF0387-1E78-4B86-98CF-D93F3BF34F38}.Debug|Any CPU.ActiveCfg = Debug|Any CPU
		{88AF0387-1E78-4B86-98CF-D93F3BF34F38}.Debug|Any CPU.Build.0 = Debug|Any CPU
		{88AF0387-1E78-4B86-98CF-D93F3BF34F38}.Release|Any CPU.ActiveCfg = Release|Any CPU
		{88AF0387-1E78-4B86-98CF-D93F3BF34F38}.Release|Any CPU.Build.0 = Release|Any CPU
	EndGlobalSection
	GlobalSection(SolutionProperties) = preSolution
		HideSolutionNode = FALSE
	EndGlobalSection
	GlobalSection(ExtensibilityGlobals) = postSolution
		SolutionGuid = {B64D5F4B-44BD-41E7-AC9D-C015497007CA}
	EndGlobalSection
EndGlobal
